
Microsoft Visual Studio Solution File, Format Version 12.00
# Visual Studio Version 17
VisualStudioVersion = 17.9.34723.18
MinimumVisualStudioVersion = 10.0.40219.1
Project("{FAE04EC0-301F-11D3-BF4B-00C04F79EFBC}") = "testProgekt", "testProgekt.csproj", "{3430FFE8-CADE-4005-8FFE-F3D2EACDE3AD}"
EndProject
Global
	GlobalSection(SolutionConfigurationPlatforms) = preSolution
		Debug|Any CPU = Debug|Any CPU
		Release|Any CPU = Release|Any CPU
	EndGlobalSection
	GlobalSection(ProjectConfigurationPlatforms) = postSolution
		{3430FFE8-CADE-4005-8FFE-F3D2EACDE3AD}.Debug|Any CPU.ActiveCfg = Debug|Any CPU
		{3430FFE8-CADE-4005-8FFE-F3D2EACDE3AD}.Debug|Any CPU.Build.0 = Debug|Any CPU
		{3430FFE8-CADE-4005-8FFE-F3D2EACDE3AD}.Release|Any CPU.ActiveCfg = Release|Any CPU
		{3430FFE8-CADE-4005-8FFE-F3D2EACDE3AD}.Release|Any CPU.Build.0 = Release|Any CPU
	EndGlobalSection
	GlobalSection(SolutionProperties) = preSolution
		HideSolutionNode = FALSE
	EndGlobalSection
	GlobalSection(ExtensibilityGlobals) = postSolution
		SolutionGuid = {20CAFFB4-1C4C-4517-BDD6-73D69125DEC4}
	EndGlobalSection
EndGlobal
