
Microsoft Visual Studio Solution File, Format Version 12.00
# Visual Studio Version 17
VisualStudioVersion = 17.9.34723.18
MinimumVisualStudioVersion = 10.0.40219.1
Project("{FAE04EC0-301F-11D3-BF4B-00C04F79EFBC}") = "classes", "classes.csproj", "{A484E752-674A-4EA5-A3F2-1719BCA5765E}"
EndProject
Global
	GlobalSection(SolutionConfigurationPlatforms) = preSolution
		Debug|Any CPU = Debug|Any CPU
		Release|Any CPU = Release|Any CPU
	EndGlobalSection
	GlobalSection(ProjectConfigurationPlatforms) = postSolution
		{A484E752-674A-4EA5-A3F2-1719BCA5765E}.Debug|Any CPU.ActiveCfg = Debug|Any CPU
		{A484E752-674A-4EA5-A3F2-1719BCA5765E}.Debug|Any CPU.Build.0 = Debug|Any CPU
		{A484E752-674A-4EA5-A3F2-1719BCA5765E}.Release|Any CPU.ActiveCfg = Release|Any CPU
		{A484E752-674A-4EA5-A3F2-1719BCA5765E}.Release|Any CPU.Build.0 = Release|Any CPU
	EndGlobalSection
	GlobalSection(SolutionProperties) = preSolution
		HideSolutionNode = FALSE
	EndGlobalSection
	GlobalSection(ExtensibilityGlobals) = postSolution
		SolutionGuid = {BE53EE74-17AE-41B2-BF37-69E92EFEEB23}
	EndGlobalSection
EndGlobal
