
Microsoft Visual Studio Solution File, Format Version 12.00
# Visual Studio Version 17
VisualStudioVersion = 17.9.34723.18
MinimumVisualStudioVersion = 10.0.40219.1
Project("{FAE04EC0-301F-11D3-BF4B-00C04F79EFBC}") = "bnjmxzdhlyvujkbgifo", "bnjmxzdhlyvujkbgifo.csproj", "{9E1523DF-02EF-4E37-9301-32C0DD9CBBB9}"
EndProject
Global
	GlobalSection(SolutionConfigurationPlatforms) = preSolution
		Debug|Any CPU = Debug|Any CPU
		Release|Any CPU = Release|Any CPU
	EndGlobalSection
	GlobalSection(ProjectConfigurationPlatforms) = postSolution
		{9E1523DF-02EF-4E37-9301-32C0DD9CBBB9}.Debug|Any CPU.ActiveCfg = Debug|Any CPU
		{9E1523DF-02EF-4E37-9301-32C0DD9CBBB9}.Debug|Any CPU.Build.0 = Debug|Any CPU
		{9E1523DF-02EF-4E37-9301-32C0DD9CBBB9}.Release|Any CPU.ActiveCfg = Release|Any CPU
		{9E1523DF-02EF-4E37-9301-32C0DD9CBBB9}.Release|Any CPU.Build.0 = Release|Any CPU
	EndGlobalSection
	GlobalSection(SolutionProperties) = preSolution
		HideSolutionNode = FALSE
	EndGlobalSection
	GlobalSection(ExtensibilityGlobals) = postSolution
		SolutionGuid = {FAFFEF20-5BB0-466E-8677-89552D2323D1}
	EndGlobalSection
EndGlobal
